
Microsoft Visual Studio Solution File, Format Version 12.00
# Visual Studio Version 17
VisualStudioVersion = 17.0.31903.59
MinimumVisualStudioVersion = 10.0.40219.1
Project("{FAE04EC0-301F-11D3-BF4B-00C04F79EFBC}") = "BLL", "BLL\BLL.csproj", "{5FB28188-C32A-4452-AB6C-10959D511457}"
EndProject
Project("{FAE04EC0-301F-11D3-BF4B-00C04F79EFBC}") = "BOL", "BOL\BOL.csproj", "{555BAF03-0EF7-4BD0-9C74-6E4F698633F8}"
EndProject
Project("{FAE04EC0-301F-11D3-BF4B-00C04F79EFBC}") = "DAL", "DAL\DAL.csproj", "{4160D418-D2C7-40D0-973E-0BE3DB5E6FA5}"
EndProject
Project("{FAE04EC0-301F-11D3-BF4B-00C04F79EFBC}") = "endmodule", "endmodule\endmodule.csproj", "{0E19036A-499F-4243-86E5-A49D86A4E2FA}"
EndProject
Global
	GlobalSection(SolutionConfigurationPlatforms) = preSolution
		Debug|Any CPU = Debug|Any CPU
		Release|Any CPU = Release|Any CPU
	EndGlobalSection
	GlobalSection(SolutionProperties) = preSolution
		HideSolutionNode = FALSE
	EndGlobalSection
	GlobalSection(ProjectConfigurationPlatforms) = postSolution
		{5FB28188-C32A-4452-AB6C-10959D511457}.Debug|Any CPU.ActiveCfg = Debug|Any CPU
		{5FB28188-C32A-4452-AB6C-10959D511457}.Debug|Any CPU.Build.0 = Debug|Any CPU
		{5FB28188-C32A-4452-AB6C-10959D511457}.Release|Any CPU.ActiveCfg = Release|Any CPU
		{5FB28188-C32A-4452-AB6C-10959D511457}.Release|Any CPU.Build.0 = Release|Any CPU
		{555BAF03-0EF7-4BD0-9C74-6E4F698633F8}.Debug|Any CPU.ActiveCfg = Debug|Any CPU
		{555BAF03-0EF7-4BD0-9C74-6E4F698633F8}.Debug|Any CPU.Build.0 = Debug|Any CPU
		{555BAF03-0EF7-4BD0-9C74-6E4F698633F8}.Release|Any CPU.ActiveCfg = Release|Any CPU
		{555BAF03-0EF7-4BD0-9C74-6E4F698633F8}.Release|Any CPU.Build.0 = Release|Any CPU
		{4160D418-D2C7-40D0-973E-0BE3DB5E6FA5}.Debug|Any CPU.ActiveCfg = Debug|Any CPU
		{4160D418-D2C7-40D0-973E-0BE3DB5E6FA5}.Debug|Any CPU.Build.0 = Debug|Any CPU
		{4160D418-D2C7-40D0-973E-0BE3DB5E6FA5}.Release|Any CPU.ActiveCfg = Release|Any CPU
		{4160D418-D2C7-40D0-973E-0BE3DB5E6FA5}.Release|Any CPU.Build.0 = Release|Any CPU
		{0E19036A-499F-4243-86E5-A49D86A4E2FA}.Debug|Any CPU.ActiveCfg = Debug|Any CPU
		{0E19036A-499F-4243-86E5-A49D86A4E2FA}.Debug|Any CPU.Build.0 = Debug|Any CPU
		{0E19036A-499F-4243-86E5-A49D86A4E2FA}.Release|Any CPU.ActiveCfg = Release|Any CPU
		{0E19036A-499F-4243-86E5-A49D86A4E2FA}.Release|Any CPU.Build.0 = Release|Any CPU
	EndGlobalSection
EndGlobal
